
Microsoft Visual Studio Solution File, Format Version 12.00
# Visual Studio Version 17
VisualStudioVersion = 17.3.32811.315
MinimumVisualStudioVersion = 10.0.40219.1
Project("{FAE04EC0-301F-11D3-BF4B-00C04F79EFBC}") = "20230417_dhcp", "20230417_dhcp\20230417_dhcp.csproj", "{17479A51-2D9E-45F0-A7C8-E4FFA4D1FDC5}"
EndProject
Global
	GlobalSection(SolutionConfigurationPlatforms) = preSolution
		Debug|Any CPU = Debug|Any CPU
		Release|Any CPU = Release|Any CPU
	EndGlobalSection
	GlobalSection(ProjectConfigurationPlatforms) = postSolution
		{17479A51-2D9E-45F0-A7C8-E4FFA4D1FDC5}.Debug|Any CPU.ActiveCfg = Debug|Any CPU
		{17479A51-2D9E-45F0-A7C8-E4FFA4D1FDC5}.Debug|Any CPU.Build.0 = Debug|Any CPU
		{17479A51-2D9E-45F0-A7C8-E4FFA4D1FDC5}.Release|Any CPU.ActiveCfg = Release|Any CPU
		{17479A51-2D9E-45F0-A7C8-E4FFA4D1FDC5}.Release|Any CPU.Build.0 = Release|Any CPU
	EndGlobalSection
	GlobalSection(SolutionProperties) = preSolution
		HideSolutionNode = FALSE
	EndGlobalSection
	GlobalSection(ExtensibilityGlobals) = postSolution
		SolutionGuid = {02F9C6ED-975C-4151-97D7-CE326C80CA13}
	EndGlobalSection
EndGlobal
